// !$*UTF8*$!
{
	archiveVersion = 1;
	classes = {
	};
	objectVersion = 55;
	objects = {

/* Begin PBXBuildFile section */
		CF311F90277F6C7E00406C3D /* main.cpp in Sources */ = {isa = PBXBuildFile; fileRef = CF311F8F277F6C7E00406C3D /* main.cpp */; };
		CF6094C727A6DB7B0001EE0B /* sentence.cpp in Sources */ = {isa = PBXBuildFile; fileRef = CF6094C427A6D9FE0001EE0B /* sentence.cpp */; };
		CF6094CE27A98E830001EE0B /* dictionary.cpp in Sources */ = {isa = PBXBuildFile; fileRef = CF6094CD27A98E830001EE0B /* dictionary.cpp */; };
		CF6094D027A98F390001EE0B /* word.cpp in Sources */ = {isa = PBXBuildFile; fileRef = CF6094CF27A98F390001EE0B /* word.cpp */; };
/* End PBXBuildFile section */

/* Begin PBXCopyFilesBuildPhase section */
		CF311F8A277F6C7E00406C3D /* CopyFiles */ = {
			isa = PBXCopyFilesBuildPhase;
			buildActionMask = 2147483647;
			dstPath = /usr/share/man/man1/;
			dstSubfolderSpec = 0;
			files = (
			);
			runOnlyForDeploymentPostprocessing = 1;
		};
/* End PBXCopyFilesBuildPhase section */

/* Begin PBXFileReference section */
		CF311F8C277F6C7E00406C3D /* T9 */ = {isa = PBXFileReference; explicitFileType = "compiled.mach-o.executable"; includeInIndex = 0; path = T9; sourceTree = BUILT_PRODUCTS_DIR; };
		CF311F8F277F6C7E00406C3D /* main.cpp */ = {isa = PBXFileReference; lastKnownFileType = sourcecode.cpp.cpp; path = main.cpp; sourceTree = "<group>"; };
		CF311F9D27810C1A00406C3D /* dictionary.hpp */ = {isa = PBXFileReference; lastKnownFileType = sourcecode.cpp.h; path = dictionary.hpp; sourceTree = "<group>"; };
		CF6094C427A6D9FE0001EE0B /* sentence.cpp */ = {isa = PBXFileReference; lastKnownFileType = sourcecode.cpp.cpp; path = sentence.cpp; sourceTree = "<group>"; };
		CF6094C527A6D9FE0001EE0B /* sentence.hpp */ = {isa = PBXFileReference; lastKnownFileType = sourcecode.cpp.h; path = sentence.hpp; sourceTree = "<group>"; };
		CF6094CD27A98E830001EE0B /* dictionary.cpp */ = {isa = PBXFileReference; lastKnownFileType = sourcecode.cpp.cpp; path = dictionary.cpp; sourceTree = "<group>"; };
		CF6094CF27A98F390001EE0B /* word.cpp */ = {isa = PBXFileReference; lastKnownFileType = sourcecode.cpp.cpp; path = word.cpp; sourceTree = "<group>"; };
		CF7768FC278871AA009FCDA1 /* word.hpp */ = {isa = PBXFileReference; lastKnownFileType = sourcecode.cpp.h; path = word.hpp; sourceTree = "<group>"; };
		CFFE704A278C970300F03001 /* WordList */ = {isa = PBXFileReference; lastKnownFileType = folder; path = WordList; sourceTree = "<group>"; };
/* End PBXFileReference section */

/* Begin PBXFrameworksBuildPhase section */
		CF311F89277F6C7E00406C3D /* Frameworks */ = {
			isa = PBXFrameworksBuildPhase;
			buildActionMask = 2147483647;
			files = (
			);
			runOnlyForDeploymentPostprocessing = 0;
		};
/* End PBXFrameworksBuildPhase section */

/* Begin PBXGroup section */
		CF311F83277F6C7E00406C3D = {
			isa = PBXGroup;
			children = (
				CF311F8E277F6C7E00406C3D /* T9 */,
				CF311F8D277F6C7E00406C3D /* Products */,
			);
			sourceTree = "<group>";
		};
		CF311F8D277F6C7E00406C3D /* Products */ = {
			isa = PBXGroup;
			children = (
				CF311F8C277F6C7E00406C3D /* T9 */,
			);
			name = Products;
			sourceTree = "<group>";
		};
		CF311F8E277F6C7E00406C3D /* T9 */ = {
			isa = PBXGroup;
			children = (
				CF311F97277F6CC800406C3D /* model */,
				CF311F8F277F6C7E00406C3D /* main.cpp */,
			);
			path = T9;
			sourceTree = "<group>";
		};
		CF311F97277F6CC800406C3D /* model */ = {
			isa = PBXGroup;
			children = (
				CFFE704A278C970300F03001 /* WordList */,
				CF311F9D27810C1A00406C3D /* dictionary.hpp */,
				CF6094CD27A98E830001EE0B /* dictionary.cpp */,
				CF6094C527A6D9FE0001EE0B /* sentence.hpp */,
				CF6094C427A6D9FE0001EE0B /* sentence.cpp */,
				CF7768FC278871AA009FCDA1 /* word.hpp */,
				CF6094CF27A98F390001EE0B /* word.cpp */,
			);
			path = model;
			sourceTree = "<group>";
		};
/* End PBXGroup section */

/* Begin PBXNativeTarget section */
		CF311F8B277F6C7E00406C3D /* T9 */ = {
			isa = PBXNativeTarget;
			buildConfigurationList = CF311F93277F6C7E00406C3D /* Build configuration list for PBXNativeTarget "T9" */;
			buildPhases = (
				CF311F88277F6C7E00406C3D /* Sources */,
				CF311F89277F6C7E00406C3D /* Frameworks */,
				CF311F8A277F6C7E00406C3D /* CopyFiles */,
			);
			buildRules = (
			);
			dependencies = (
			);
			name = T9;
			productName = T9;
			productReference = CF311F8C277F6C7E00406C3D /* T9 */;
			productType = "com.apple.product-type.tool";
		};
/* End PBXNativeTarget section */

/* Begin PBXProject section */
		CF311F84277F6C7E00406C3D /* Project object */ = {
			isa = PBXProject;
			attributes = {
				BuildIndependentTargetsInParallel = 1;
				LastUpgradeCheck = 1320;
				TargetAttributes = {
					CF311F8B277F6C7E00406C3D = {
						CreatedOnToolsVersion = 13.2.1;
					};
				};
			};
			buildConfigurationList = CF311F87277F6C7E00406C3D /* Build configuration list for PBXProject "T9" */;
			compatibilityVersion = "Xcode 13.0";
			developmentRegion = en;
			hasScannedForEncodings = 0;
			knownRegions = (
				en,
				Base,
			);
			mainGroup = CF311F83277F6C7E00406C3D;
			productRefGroup = CF311F8D277F6C7E00406C3D /* Products */;
			projectDirPath = "";
			projectRoot = "";
			targets = (
				CF311F8B277F6C7E00406C3D /* T9 */,
			);
		};
/* End PBXProject section */

/* Begin PBXSourcesBuildPhase section */
		CF311F88277F6C7E00406C3D /* Sources */ = {
			isa = PBXSourcesBuildPhase;
			buildActionMask = 2147483647;
			files = (
				CF6094C727A6DB7B0001EE0B /* sentence.cpp in Sources */,
				CF6094D027A98F390001EE0B /* word.cpp in Sources */,
				CF6094CE27A98E830001EE0B /* dictionary.cpp in Sources */,
				CF311F90277F6C7E00406C3D /* main.cpp in Sources */,
			);
			runOnlyForDeploymentPostprocessing = 0;
		};
/* End PBXSourcesBuildPhase section */

/* Begin XCBuildConfiguration section */
		CF311F91277F6C7E00406C3D /* Debug */ = {
			isa = XCBuildConfiguration;
			buildSettings = {
				ALWAYS_SEARCH_USER_PATHS = NO;
				CLANG_ANALYZER_NONNULL = YES;
				CLANG_ANALYZER_NUMBER_OBJECT_CONVERSION = YES_AGGRESSIVE;
				CLANG_CXX_LANGUAGE_STANDARD = "gnu++17";
				CLANG_CXX_LIBRARY = "libc++";
				CLANG_ENABLE_MODULES = YES;
				CLANG_ENABLE_OBJC_ARC = YES;
				CLANG_ENABLE_OBJC_WEAK = YES;
				CLANG_WARN_BLOCK_CAPTURE_AUTORELEASING = YES;
				CLANG_WARN_BOOL_CONVERSION = YES;
				CLANG_WARN_COMMA = YES;
				CLANG_WARN_CONSTANT_CONVERSION = YES;
				CLANG_WARN_DEPRECATED_OBJC_IMPLEMENTATIONS = YES;
				CLANG_WARN_DIRECT_OBJC_ISA_USAGE = YES_ERROR;
				CLANG_WARN_DOCUMENTATION_COMMENTS = YES;
				CLANG_WARN_EMPTY_BODY = YES;
				CLANG_WARN_ENUM_CONVERSION = YES;
				CLANG_WARN_INFINITE_RECURSION = YES;
				CLANG_WARN_INT_CONVERSION = YES;
				CLANG_WARN_NON_LITERAL_NULL_CONVERSION = YES;
				CLANG_WARN_OBJC_IMPLICIT_RETAIN_SELF = YES;
				CLANG_WARN_OBJC_LITERAL_CONVERSION = YES;
				CLANG_WARN_OBJC_ROOT_CLASS = YES_ERROR;
				CLANG_WARN_QUOTED_INCLUDE_IN_FRAMEWORK_HEADER = YES;
				CLANG_WARN_RANGE_LOOP_ANALYSIS = YES;
				CLANG_WARN_STRICT_PROTOTYPES = YES;
				CLANG_WARN_SUSPICIOUS_MOVE = YES;
				CLANG_WARN_UNGUARDED_AVAILABILITY = YES_AGGRESSIVE;
				CLANG_WARN_UNREACHABLE_CODE = YES;
				CLANG_WARN__DUPLICATE_METHOD_MATCH = YES;
				COPY_PHASE_STRIP = NO;
				DEBUG_INFORMATION_FORMAT = dwarf;
				ENABLE_STRICT_OBJC_MSGSEND = YES;
				ENABLE_TESTABILITY = YES;
				GCC_C_LANGUAGE_STANDARD = gnu11;
				GCC_DYNAMIC_NO_PIC = NO;
				GCC_NO_COMMON_BLOCKS = YES;
				GCC_OPTIMIZATION_LEVEL = 0;
				GCC_PREPROCESSOR_DEFINITIONS = (
					"DEBUG=1",
					"$(inherited)",
				);
				GCC_WARN_64_TO_32_BIT_CONVERSION = YES;
				GCC_WARN_ABOUT_RETURN_TYPE = YES_ERROR;
				GCC_WARN_UNDECLARED_SELECTOR = YES;
				GCC_WARN_UNINITIALIZED_AUTOS = YES_AGGRESSIVE;
				GCC_WARN_UNUSED_FUNCTION = YES;
				GCC_WARN_UNUSED_VARIABLE = YES;
				MACOSX_DEPLOYMENT_TARGET = 12.0;
				MTL_ENABLE_DEBUG_INFO = INCLUDE_SOURCE;
				MTL_FAST_MATH = YES;
				ONLY_ACTIVE_ARCH = YES;
				SDKROOT = macosx;
			};
			name = Debug;
		};
		CF311F92277F6C7E00406C3D /* Release */ = {
			isa = XCBuildConfiguration;
			buildSettings = {
				ALWAYS_SEARCH_USER_PATHS = NO;
				CLANG_ANALYZER_NONNULL = YES;
				CLANG_ANALYZER_NUMBER_OBJECT_CONVERSION = YES_AGGRESSIVE;
				CLANG_CXX_LANGUAGE_STANDARD = "gnu++17";
				CLANG_CXX_LIBRARY = "libc++";
				CLANG_ENABLE_MODULES = YES;
				CLANG_ENABLE_OBJC_ARC = YES;
				CLANG_ENABLE_OBJC_WEAK = YES;
				CLANG_WARN_BLOCK_CAPTURE_AUTORELEASING = YES;
				CLANG_WARN_BOOL_CONVERSION = YES;
				CLANG_WARN_COMMA = YES;
				CLANG_WARN_CONSTANT_CONVERSION = YES;
				CLANG_WARN_DEPRECATED_OBJC_IMPLEMENTATIONS = YES;
				CLANG_WARN_DIRECT_OBJC_ISA_USAGE = YES_ERROR;
				CLANG_WARN_DOCUMENTATION_COMMENTS = YES;
				CLANG_WARN_EMPTY_BODY = YES;
				CLANG_WARN_ENUM_CONVERSION = YES;
				CLANG_WARN_INFINITE_RECURSION = YES;
				CLANG_WARN_INT_CONVERSION = YES;
				CLANG_WARN_NON_LITERAL_NULL_CONVERSION = YES;
				CLANG_WARN_OBJC_IMPLICIT_RETAIN_SELF = YES;
				CLANG_WARN_OBJC_LITERAL_CONVERSION = YES;
				CLANG_WARN_OBJC_ROOT_CLASS = YES_ERROR;
				CLANG_WARN_QUOTED_INCLUDE_IN_FRAMEWORK_HEADER = YES;
				CLANG_WARN_RANGE_LOOP_ANALYSIS = YES;
				CLANG_WARN_STRICT_PROTOTYPES = YES;
				CLANG_WARN_SUSPICIOUS_MOVE = YES;
				CLANG_WARN_UNGUARDED_AVAILABILITY = YES_AGGRESSIVE;
				CLANG_WARN_UNREACHABLE_CODE = YES;
				CLANG_WARN__DUPLICATE_METHOD_MATCH = YES;
				COPY_PHASE_STRIP = NO;
				DEBUG_INFORMATION_FORMAT = "dwarf-with-dsym";
				ENABLE_NS_ASSERTIONS = NO;
				ENABLE_STRICT_OBJC_MSGSEND = YES;
				GCC_C_LANGUAGE_STANDARD = gnu11;
				GCC_NO_COMMON_BLOCKS = YES;
				GCC_WARN_64_TO_32_BIT_CONVERSION = YES;
				GCC_WARN_ABOUT_RETURN_TYPE = YES_ERROR;
				GCC_WARN_UNDECLARED_SELECTOR = YES;
				GCC_WARN_UNINITIALIZED_AUTOS = YES_AGGRESSIVE;
				GCC_WARN_UNUSED_FUNCTION = YES;
				GCC_WARN_UNUSED_VARIABLE = YES;
				MACOSX_DEPLOYMENT_TARGET = 12.0;
				MTL_ENABLE_DEBUG_INFO = NO;
				MTL_FAST_MATH = YES;
				SDKROOT = macosx;
			};
			name = Release;
		};
		CF311F94277F6C7E00406C3D /* Debug */ = {
			isa = XCBuildConfiguration;
			buildSettings = {
				CODE_SIGN_STYLE = Automatic;
				PRODUCT_NAME = "$(TARGET_NAME)";
			};
			name = Debug;
		};
		CF311F95277F6C7E00406C3D /* Release */ = {
			isa = XCBuildConfiguration;
			buildSettings = {
				CODE_SIGN_STYLE = Automatic;
				PRODUCT_NAME = "$(TARGET_NAME)";
			};
			name = Release;
		};
/* End XCBuildConfiguration section */

/* Begin XCConfigurationList section */
		CF311F87277F6C7E00406C3D /* Build configuration list for PBXProject "T9" */ = {
			isa = XCConfigurationList;
			buildConfigurations = (
				CF311F91277F6C7E00406C3D /* Debug */,
				CF311F92277F6C7E00406C3D /* Release */,
			);
			defaultConfigurationIsVisible = 0;
			defaultConfigurationName = Release;
		};
		CF311F93277F6C7E00406C3D /* Build configuration list for PBXNativeTarget "T9" */ = {
			isa = XCConfigurationList;
			buildConfigurations = (
				CF311F94277F6C7E00406C3D /* Debug */,
				CF311F95277F6C7E00406C3D /* Release */,
			);
			defaultConfigurationIsVisible = 0;
			defaultConfigurationName = Release;
		};
/* End XCConfigurationList section */
	};
	rootObject = CF311F84277F6C7E00406C3D /* Project object */;
}
